
Microsoft Visual Studio Solution File, Format Version 12.00
# Visual Studio Version 17
VisualStudioVersion = 17.7.34009.444
MinimumVisualStudioVersion = 10.0.40219.1
Project("{FAE04EC0-301F-11D3-BF4B-00C04F79EFBC}") = "Assessment 1", "Assessment 1\Assessment 1.csproj", "{08BC7725-95C2-4111-94FF-468EC20E28B9}"
EndProject
Global
	GlobalSection(SolutionConfigurationPlatforms) = preSolution
		Debug|Any CPU = Debug|Any CPU
		Release|Any CPU = Release|Any CPU
	EndGlobalSection
	GlobalSection(ProjectConfigurationPlatforms) = postSolution
		{08BC7725-95C2-4111-94FF-468EC20E28B9}.Debug|Any CPU.ActiveCfg = Debug|Any CPU
		{08BC7725-95C2-4111-94FF-468EC20E28B9}.Debug|Any CPU.Build.0 = Debug|Any CPU
		{08BC7725-95C2-4111-94FF-468EC20E28B9}.Release|Any CPU.ActiveCfg = Release|Any CPU
		{08BC7725-95C2-4111-94FF-468EC20E28B9}.Release|Any CPU.Build.0 = Release|Any CPU
	EndGlobalSection
	GlobalSection(SolutionProperties) = preSolution
		HideSolutionNode = FALSE
	EndGlobalSection
	GlobalSection(ExtensibilityGlobals) = postSolution
		SolutionGuid = {5BAE4B70-70D4-40E2-9BE4-9DBD163AAF62}
	EndGlobalSection
EndGlobal
